
Microsoft Visual Studio Solution File, Format Version 12.00
# Visual Studio Version 16
VisualStudioVersion = 16.0.29306.81
MinimumVisualStudioVersion = 10.0.40219.1
Project("{FAE04EC0-301F-11D3-BF4B-00C04F79EFBC}") = "PALMS.WPFClient", "PALMS.WPFClient\PALMS.WPFClient.csproj", "{D41A8E6F-5CE9-4BDA-85DF-4CF7CED9DCD3}"
EndProject
Project("{FAE04EC0-301F-11D3-BF4B-00C04F79EFBC}") = "PALMS.ViewModels", "PALMS.ViewModels\PALMS.ViewModels.csproj", "{FBC55DEE-4025-4D63-B885-6D32BA1A1087}"
EndProject
Project("{FAE04EC0-301F-11D3-BF4B-00C04F79EFBC}") = "PALMS.Data", "PALMS.Data\PALMS.Data.csproj", "{EECF015E-F60A-44E2-8608-57CA748CBCF1}"
EndProject
Project("{FAE04EC0-301F-11D3-BF4B-00C04F79EFBC}") = "PALMS.Reports.Common", "PALMS.Reports.Common\PALMS.Reports.Common.csproj", "{8FB22F7C-8012-484F-AD91-1DA067DD09BC}"
EndProject
Project("{FAE04EC0-301F-11D3-BF4B-00C04F79EFBC}") = "PALMS.Reports.Model", "PALMS.Reports.Model\PALMS.Reports.Model.csproj", "{29460014-7C56-4DF6-BBF4-89F35B220C8B}"
EndProject
Project("{FAE04EC0-301F-11D3-BF4B-00C04F79EFBC}") = "PALMS.Reports.Xtra", "PALMS.Reports.Xtra\PALMS.Reports.Xtra.csproj", "{5A0B4B29-5F8F-4BAF-9942-3A7A73519369}"
EndProject
Project("{FAE04EC0-301F-11D3-BF4B-00C04F79EFBC}") = "PALMS.ViewModels.Common", "PALMS.ViewModels.Common\PALMS.ViewModels.Common.csproj", "{D214AFD7-00A3-46B0-9DC6-6851207DEA6B}"
EndProject
Project("{FAE04EC0-301F-11D3-BF4B-00C04F79EFBC}") = "PALMS.View.Common", "PALMS.View.Common\PALMS.View.Common.csproj", "{8258036A-D52A-4FF1-BEE8-96F8BC8E09E3}"
EndProject
Project("{2150E333-8FDC-42A3-9474-1A3956D46DE8}") = "Common", "Common", "{83319B4E-8918-4B53-AEC1-6A0C4199619E}"
EndProject
Project("{2150E333-8FDC-42A3-9474-1A3956D46DE8}") = "Modules", "Modules", "{827696FB-1BD7-46B0-88A8-53F9B812A8A6}"
EndProject
Project("{2150E333-8FDC-42A3-9474-1A3956D46DE8}") = "Reports", "Reports", "{85F09B00-BEB6-4AB7-8E0D-AEAB7EBDAF1E}"
EndProject
Project("{FAE04EC0-301F-11D3-BF4B-00C04F79EFBC}") = "PALMS.View.Resources", "PALMS.View.Resources\PALMS.View.Resources.csproj", "{C00578FC-66F8-4B30-A170-13EAB33B2D53}"
EndProject
Project("{2150E333-8FDC-42A3-9474-1A3956D46DE8}") = "Settings", "Settings", "{CB74702E-F1A7-452D-A2BA-8E6DB7DAB0A5}"
EndProject
Project("{2150E333-8FDC-42A3-9474-1A3956D46DE8}") = "MasterLinens", "MasterLinens", "{95069F46-8D00-420E-805A-409A2900FDFC}"
EndProject
Project("{2150E333-8FDC-42A3-9474-1A3956D46DE8}") = "ClientLinen", "ClientLinen", "{D1916D53-38F9-49B9-93CA-5C921989C3DE}"
EndProject
Project("{2150E333-8FDC-42A3-9474-1A3956D46DE8}") = "TPS", "TPS", "{DA618BEA-B00A-41F3-9F50-EB594783010F}"
EndProject
Project("{FAE04EC0-301F-11D3-BF4B-00C04F79EFBC}") = "PALMS.LinenList.View", "Modules\LinenList\PALMS.LinenList.View\PALMS.LinenList.View.csproj", "{1EB7980E-A998-4E2C-8D21-1877024FAB4C}"
EndProject
Project("{FAE04EC0-301F-11D3-BF4B-00C04F79EFBC}") = "PALMS.LinenList.ViewModel", "Modules\LinenList\PALMS.LinenList.ViewModel\PALMS.LinenList.ViewModel.csproj", "{D7887C96-B1E5-45A0-AC7D-4335F3A320F6}"
EndProject
Project("{FAE04EC0-301F-11D3-BF4B-00C04F79EFBC}") = "PALMS.MasterLinens.View", "Modules\MasterLinens\PALMS.MasterLinens.View\PALMS.MasterLinens.View.csproj", "{4820FA0E-8519-4750-8AC9-27C93BA68025}"
EndProject
Project("{FAE04EC0-301F-11D3-BF4B-00C04F79EFBC}") = "PALMS.MasterLinens.ViewModel", "Modules\MasterLinens\PALMS.MasterLinens.ViewModel\PALMS.MasterLinens.ViewModel.csproj", "{B2A3D470-1C7C-4752-81D6-B6DF417C2EF9}"
EndProject
Project("{FAE04EC0-301F-11D3-BF4B-00C04F79EFBC}") = "PALMS.Settings.View", "Modules\Settings\PALMS.Settings.View\PALMS.Settings.View.csproj", "{044B24DE-186B-4D28-B83F-F63BEE4F5AFB}"
EndProject
Project("{FAE04EC0-301F-11D3-BF4B-00C04F79EFBC}") = "PALMS.Settings.ViewModel", "Modules\Settings\PALMS.Settings.ViewModel\PALMS.Settings.ViewModel.csproj", "{24C0B14B-4995-4102-83A8-348A23B400B7}"
EndProject
Project("{FAE04EC0-301F-11D3-BF4B-00C04F79EFBC}") = "PALMS.TPS.View", "Modules\TPS\PALMS.TPS.View\PALMS.TPS.View.csproj", "{DAA99F40-8E01-48DE-8FCA-AB7BE3BBA710}"
EndProject
Project("{FAE04EC0-301F-11D3-BF4B-00C04F79EFBC}") = "PALMS.TPS.ViewModel", "Modules\TPS\PALMS.TPS.ViewModel\PALMS.TPS.ViewModel.csproj", "{17FA28A3-7576-4EB4-9E18-BEEAC1AAB637}"
EndProject
Project("{2150E333-8FDC-42A3-9474-1A3956D46DE8}") = "Notes", "Notes", "{153E25EC-AD1D-42C9-8D69-7E2371C6B716}"
EndProject
Project("{FAE04EC0-301F-11D3-BF4B-00C04F79EFBC}") = "PALMS.Notes.View", "Modules\Notes\PALMS.Notes.View\PALMS.Notes.View.csproj", "{17B027CE-51AB-4FB2-A45C-EB20B28F59A3}"
EndProject
Project("{FAE04EC0-301F-11D3-BF4B-00C04F79EFBC}") = "PALMS.Notes.ViewModel", "Modules\Notes\PALMS.Notes.ViewModel\PALMS.Notes.ViewModel.csproj", "{A564D6F3-A5B3-41EF-B80E-D0FA292048E3}"
EndProject
Project("{2150E333-8FDC-42A3-9474-1A3956D46DE8}") = "Invoice", "Invoice", "{69FF5307-1818-4438-8B29-9B4A86B620FA}"
EndProject
Project("{FAE04EC0-301F-11D3-BF4B-00C04F79EFBC}") = "PALMS.Invoices.View", "Modules\Invoices\PALMS.Invoices.View\PALMS.Invoices.View.csproj", "{F830C883-8DD9-4E14-BED9-84C31309863E}"
EndProject
Project("{FAE04EC0-301F-11D3-BF4B-00C04F79EFBC}") = "PALMS.Invoices.ViewModel", "Modules\Invoices\PALMS.Invoices.ViewModel\PALMS.Invoices.ViewModel.csproj", "{94B7F8E4-1D3D-4210-8C5A-53391508BA73}"
EndProject
Project("{2150E333-8FDC-42A3-9474-1A3956D46DE8}") = "Reports", "Reports", "{9FB92FC2-B1E6-4DEF-84FF-0D01F42C876D}"
EndProject
Project("{FAE04EC0-301F-11D3-BF4B-00C04F79EFBC}") = "PALMS.Reports.View", "Modules\Reports\PALMS.Reports.View\PALMS.Reports.View.csproj", "{B9050AFE-1472-4D94-9AF3-0700605C37DB}"
EndProject
Project("{FAE04EC0-301F-11D3-BF4B-00C04F79EFBC}") = "PALMS.Reports.ViewModel", "Modules\Reports\PALMS.Reports.ViewModel\PALMS.Reports.ViewModel.csproj", "{C4D401F6-0B3F-4B30-B0BA-3CBC04FA21D8}"
EndProject
Project("{FAE04EC0-301F-11D3-BF4B-00C04F79EFBC}") = "PALMS.Reports.Epplus", "PALMS.Reports.Epplus\PALMS.Reports.Epplus.csproj", "{415CD2F3-2D64-49DC-B409-F07973CB5DD1}"
EndProject
Project("{2150E333-8FDC-42A3-9474-1A3956D46DE8}") = "LaundryKg", "LaundryKg", "{FD29351D-5B51-4810-A272-A080B46CCD84}"
EndProject
Project("{FAE04EC0-301F-11D3-BF4B-00C04F79EFBC}") = "PALMS.LaundryKg.View", "Modules\LaundryKg\PALMS.LaundryKg.View\PALMS.LaundryKg.View.csproj", "{E38094C3-06A1-4B51-9CD5-814F23DC1D53}"
EndProject
Project("{FAE04EC0-301F-11D3-BF4B-00C04F79EFBC}") = "PALMS.LaundryKg.ViewModel", "Modules\LaundryKg\PALMS.LaundryKg.ViewModel\PALMS.LaundryKg.ViewModel.csproj", "{CC401EEF-354A-445B-8884-A92770040CFB}"
EndProject
Project("{2150E333-8FDC-42A3-9474-1A3956D46DE8}") = "NotesHistory", "NotesHistory", "{18EC3D35-7C01-4C84-B2DE-C95A3CB9E481}"
EndProject
Project("{FAE04EC0-301F-11D3-BF4B-00C04F79EFBC}") = "PALMS.NoteHistory.View", "Modules\NotesHistory\PALMS.NoteHistory.View\PALMS.NoteHistory.View.csproj", "{C0FABACE-C8FF-4454-91F0-F3BBE7804A2D}"
EndProject
Project("{FAE04EC0-301F-11D3-BF4B-00C04F79EFBC}") = "PALMS.NoteHistory.ViewModel", "Modules\NotesHistory\PALMS.NoteHistory.ViewModel\PALMS.NoteHistory.ViewModel.csproj", "{23BBAF48-3957-4587-9453-B3C5D7464B48}"
EndProject
Global
	GlobalSection(SolutionConfigurationPlatforms) = preSolution
		Debug|Any CPU = Debug|Any CPU
		Release|Any CPU = Release|Any CPU
	EndGlobalSection
	GlobalSection(ProjectConfigurationPlatforms) = postSolution
		{D41A8E6F-5CE9-4BDA-85DF-4CF7CED9DCD3}.Debug|Any CPU.ActiveCfg = Debug|Any CPU
		{D41A8E6F-5CE9-4BDA-85DF-4CF7CED9DCD3}.Debug|Any CPU.Build.0 = Debug|Any CPU
		{D41A8E6F-5CE9-4BDA-85DF-4CF7CED9DCD3}.Release|Any CPU.ActiveCfg = Release|Any CPU
		{D41A8E6F-5CE9-4BDA-85DF-4CF7CED9DCD3}.Release|Any CPU.Build.0 = Release|Any CPU
		{FBC55DEE-4025-4D63-B885-6D32BA1A1087}.Debug|Any CPU.ActiveCfg = Debug|Any CPU
		{FBC55DEE-4025-4D63-B885-6D32BA1A1087}.Debug|Any CPU.Build.0 = Debug|Any CPU
		{FBC55DEE-4025-4D63-B885-6D32BA1A1087}.Release|Any CPU.ActiveCfg = Release|Any CPU
		{FBC55DEE-4025-4D63-B885-6D32BA1A1087}.Release|Any CPU.Build.0 = Release|Any CPU
		{EECF015E-F60A-44E2-8608-57CA748CBCF1}.Debug|Any CPU.ActiveCfg = Debug|Any CPU
		{EECF015E-F60A-44E2-8608-57CA748CBCF1}.Debug|Any CPU.Build.0 = Debug|Any CPU
		{EECF015E-F60A-44E2-8608-57CA748CBCF1}.Release|Any CPU.ActiveCfg = Release|Any CPU
		{EECF015E-F60A-44E2-8608-57CA748CBCF1}.Release|Any CPU.Build.0 = Release|Any CPU
		{8FB22F7C-8012-484F-AD91-1DA067DD09BC}.Debug|Any CPU.ActiveCfg = Debug|Any CPU
		{8FB22F7C-8012-484F-AD91-1DA067DD09BC}.Debug|Any CPU.Build.0 = Debug|Any CPU
		{8FB22F7C-8012-484F-AD91-1DA067DD09BC}.Release|Any CPU.ActiveCfg = Release|Any CPU
		{8FB22F7C-8012-484F-AD91-1DA067DD09BC}.Release|Any CPU.Build.0 = Release|Any CPU
		{29460014-7C56-4DF6-BBF4-89F35B220C8B}.Debug|Any CPU.ActiveCfg = Debug|Any CPU
		{29460014-7C56-4DF6-BBF4-89F35B220C8B}.Debug|Any CPU.Build.0 = Debug|Any CPU
		{29460014-7C56-4DF6-BBF4-89F35B220C8B}.Release|Any CPU.ActiveCfg = Release|Any CPU
		{29460014-7C56-4DF6-BBF4-89F35B220C8B}.Release|Any CPU.Build.0 = Release|Any CPU
		{5A0B4B29-5F8F-4BAF-9942-3A7A73519369}.Debug|Any CPU.ActiveCfg = Debug|Any CPU
		{5A0B4B29-5F8F-4BAF-9942-3A7A73519369}.Debug|Any CPU.Build.0 = Debug|Any CPU
		{5A0B4B29-5F8F-4BAF-9942-3A7A73519369}.Release|Any CPU.ActiveCfg = Release|Any CPU
		{5A0B4B29-5F8F-4BAF-9942-3A7A73519369}.Release|Any CPU.Build.0 = Release|Any CPU
		{D214AFD7-00A3-46B0-9DC6-6851207DEA6B}.Debug|Any CPU.ActiveCfg = Debug|Any CPU
		{D214AFD7-00A3-46B0-9DC6-6851207DEA6B}.Debug|Any CPU.Build.0 = Debug|Any CPU
		{D214AFD7-00A3-46B0-9DC6-6851207DEA6B}.Release|Any CPU.ActiveCfg = Release|Any CPU
		{D214AFD7-00A3-46B0-9DC6-6851207DEA6B}.Release|Any CPU.Build.0 = Release|Any CPU
		{8258036A-D52A-4FF1-BEE8-96F8BC8E09E3}.Debug|Any CPU.ActiveCfg = Debug|Any CPU
		{8258036A-D52A-4FF1-BEE8-96F8BC8E09E3}.Debug|Any CPU.Build.0 = Debug|Any CPU
		{8258036A-D52A-4FF1-BEE8-96F8BC8E09E3}.Release|Any CPU.ActiveCfg = Release|Any CPU
		{8258036A-D52A-4FF1-BEE8-96F8BC8E09E3}.Release|Any CPU.Build.0 = Release|Any CPU
		{C00578FC-66F8-4B30-A170-13EAB33B2D53}.Debug|Any CPU.ActiveCfg = Debug|Any CPU
		{C00578FC-66F8-4B30-A170-13EAB33B2D53}.Debug|Any CPU.Build.0 = Debug|Any CPU
		{C00578FC-66F8-4B30-A170-13EAB33B2D53}.Release|Any CPU.ActiveCfg = Release|Any CPU
		{C00578FC-66F8-4B30-A170-13EAB33B2D53}.Release|Any CPU.Build.0 = Release|Any CPU
		{1EB7980E-A998-4E2C-8D21-1877024FAB4C}.Debug|Any CPU.ActiveCfg = Debug|Any CPU
		{1EB7980E-A998-4E2C-8D21-1877024FAB4C}.Debug|Any CPU.Build.0 = Debug|Any CPU
		{1EB7980E-A998-4E2C-8D21-1877024FAB4C}.Release|Any CPU.ActiveCfg = Release|Any CPU
		{1EB7980E-A998-4E2C-8D21-1877024FAB4C}.Release|Any CPU.Build.0 = Release|Any CPU
		{D7887C96-B1E5-45A0-AC7D-4335F3A320F6}.Debug|Any CPU.ActiveCfg = Debug|Any CPU
		{D7887C96-B1E5-45A0-AC7D-4335F3A320F6}.Debug|Any CPU.Build.0 = Debug|Any CPU
		{D7887C96-B1E5-45A0-AC7D-4335F3A320F6}.Release|Any CPU.ActiveCfg = Release|Any CPU
		{D7887C96-B1E5-45A0-AC7D-4335F3A320F6}.Release|Any CPU.Build.0 = Release|Any CPU
		{4820FA0E-8519-4750-8AC9-27C93BA68025}.Debug|Any CPU.ActiveCfg = Debug|Any CPU
		{4820FA0E-8519-4750-8AC9-27C93BA68025}.Debug|Any CPU.Build.0 = Debug|Any CPU
		{4820FA0E-8519-4750-8AC9-27C93BA68025}.Release|Any CPU.ActiveCfg = Release|Any CPU
		{4820FA0E-8519-4750-8AC9-27C93BA68025}.Release|Any CPU.Build.0 = Release|Any CPU
		{B2A3D470-1C7C-4752-81D6-B6DF417C2EF9}.Debug|Any CPU.ActiveCfg = Debug|Any CPU
		{B2A3D470-1C7C-4752-81D6-B6DF417C2EF9}.Debug|Any CPU.Build.0 = Debug|Any CPU
		{B2A3D470-1C7C-4752-81D6-B6DF417C2EF9}.Release|Any CPU.ActiveCfg = Release|Any CPU
		{B2A3D470-1C7C-4752-81D6-B6DF417C2EF9}.Release|Any CPU.Build.0 = Release|Any CPU
		{044B24DE-186B-4D28-B83F-F63BEE4F5AFB}.Debug|Any CPU.ActiveCfg = Debug|Any CPU
		{044B24DE-186B-4D28-B83F-F63BEE4F5AFB}.Debug|Any CPU.Build.0 = Debug|Any CPU
		{044B24DE-186B-4D28-B83F-F63BEE4F5AFB}.Release|Any CPU.ActiveCfg = Release|Any CPU
		{044B24DE-186B-4D28-B83F-F63BEE4F5AFB}.Release|Any CPU.Build.0 = Release|Any CPU
		{24C0B14B-4995-4102-83A8-348A23B400B7}.Debug|Any CPU.ActiveCfg = Debug|Any CPU
		{24C0B14B-4995-4102-83A8-348A23B400B7}.Debug|Any CPU.Build.0 = Debug|Any CPU
		{24C0B14B-4995-4102-83A8-348A23B400B7}.Release|Any CPU.ActiveCfg = Release|Any CPU
		{24C0B14B-4995-4102-83A8-348A23B400B7}.Release|Any CPU.Build.0 = Release|Any CPU
		{DAA99F40-8E01-48DE-8FCA-AB7BE3BBA710}.Debug|Any CPU.ActiveCfg = Debug|Any CPU
		{DAA99F40-8E01-48DE-8FCA-AB7BE3BBA710}.Debug|Any CPU.Build.0 = Debug|Any CPU
		{DAA99F40-8E01-48DE-8FCA-AB7BE3BBA710}.Release|Any CPU.ActiveCfg = Release|Any CPU
		{DAA99F40-8E01-48DE-8FCA-AB7BE3BBA710}.Release|Any CPU.Build.0 = Release|Any CPU
		{17FA28A3-7576-4EB4-9E18-BEEAC1AAB637}.Debug|Any CPU.ActiveCfg = Debug|Any CPU
		{17FA28A3-7576-4EB4-9E18-BEEAC1AAB637}.Debug|Any CPU.Build.0 = Debug|Any CPU
		{17FA28A3-7576-4EB4-9E18-BEEAC1AAB637}.Release|Any CPU.ActiveCfg = Release|Any CPU
		{17FA28A3-7576-4EB4-9E18-BEEAC1AAB637}.Release|Any CPU.Build.0 = Release|Any CPU
		{17B027CE-51AB-4FB2-A45C-EB20B28F59A3}.Debug|Any CPU.ActiveCfg = Debug|Any CPU
		{17B027CE-51AB-4FB2-A45C-EB20B28F59A3}.Debug|Any CPU.Build.0 = Debug|Any CPU
		{17B027CE-51AB-4FB2-A45C-EB20B28F59A3}.Release|Any CPU.ActiveCfg = Release|Any CPU
		{17B027CE-51AB-4FB2-A45C-EB20B28F59A3}.Release|Any CPU.Build.0 = Release|Any CPU
		{A564D6F3-A5B3-41EF-B80E-D0FA292048E3}.Debug|Any CPU.ActiveCfg = Debug|Any CPU
		{A564D6F3-A5B3-41EF-B80E-D0FA292048E3}.Debug|Any CPU.Build.0 = Debug|Any CPU
		{A564D6F3-A5B3-41EF-B80E-D0FA292048E3}.Release|Any CPU.ActiveCfg = Release|Any CPU
		{A564D6F3-A5B3-41EF-B80E-D0FA292048E3}.Release|Any CPU.Build.0 = Release|Any CPU
		{F830C883-8DD9-4E14-BED9-84C31309863E}.Debug|Any CPU.ActiveCfg = Debug|Any CPU
		{F830C883-8DD9-4E14-BED9-84C31309863E}.Debug|Any CPU.Build.0 = Debug|Any CPU
		{F830C883-8DD9-4E14-BED9-84C31309863E}.Release|Any CPU.ActiveCfg = Release|Any CPU
		{F830C883-8DD9-4E14-BED9-84C31309863E}.Release|Any CPU.Build.0 = Release|Any CPU
		{94B7F8E4-1D3D-4210-8C5A-53391508BA73}.Debug|Any CPU.ActiveCfg = Debug|Any CPU
		{94B7F8E4-1D3D-4210-8C5A-53391508BA73}.Debug|Any CPU.Build.0 = Debug|Any CPU
		{94B7F8E4-1D3D-4210-8C5A-53391508BA73}.Release|Any CPU.ActiveCfg = Release|Any CPU
		{94B7F8E4-1D3D-4210-8C5A-53391508BA73}.Release|Any CPU.Build.0 = Release|Any CPU
		{B9050AFE-1472-4D94-9AF3-0700605C37DB}.Debug|Any CPU.ActiveCfg = Debug|Any CPU
		{B9050AFE-1472-4D94-9AF3-0700605C37DB}.Debug|Any CPU.Build.0 = Debug|Any CPU
		{B9050AFE-1472-4D94-9AF3-0700605C37DB}.Release|Any CPU.ActiveCfg = Release|Any CPU
		{B9050AFE-1472-4D94-9AF3-0700605C37DB}.Release|Any CPU.Build.0 = Release|Any CPU
		{C4D401F6-0B3F-4B30-B0BA-3CBC04FA21D8}.Debug|Any CPU.ActiveCfg = Debug|Any CPU
		{C4D401F6-0B3F-4B30-B0BA-3CBC04FA21D8}.Debug|Any CPU.Build.0 = Debug|Any CPU
		{C4D401F6-0B3F-4B30-B0BA-3CBC04FA21D8}.Release|Any CPU.ActiveCfg = Release|Any CPU
		{C4D401F6-0B3F-4B30-B0BA-3CBC04FA21D8}.Release|Any CPU.Build.0 = Release|Any CPU
		{415CD2F3-2D64-49DC-B409-F07973CB5DD1}.Debug|Any CPU.ActiveCfg = Debug|Any CPU
		{415CD2F3-2D64-49DC-B409-F07973CB5DD1}.Debug|Any CPU.Build.0 = Debug|Any CPU
		{415CD2F3-2D64-49DC-B409-F07973CB5DD1}.Release|Any CPU.ActiveCfg = Release|Any CPU
		{415CD2F3-2D64-49DC-B409-F07973CB5DD1}.Release|Any CPU.Build.0 = Release|Any CPU
		{E38094C3-06A1-4B51-9CD5-814F23DC1D53}.Debug|Any CPU.ActiveCfg = Debug|Any CPU
		{E38094C3-06A1-4B51-9CD5-814F23DC1D53}.Debug|Any CPU.Build.0 = Debug|Any CPU
		{E38094C3-06A1-4B51-9CD5-814F23DC1D53}.Release|Any CPU.ActiveCfg = Release|Any CPU
		{E38094C3-06A1-4B51-9CD5-814F23DC1D53}.Release|Any CPU.Build.0 = Release|Any CPU
		{CC401EEF-354A-445B-8884-A92770040CFB}.Debug|Any CPU.ActiveCfg = Debug|Any CPU
		{CC401EEF-354A-445B-8884-A92770040CFB}.Debug|Any CPU.Build.0 = Debug|Any CPU
		{CC401EEF-354A-445B-8884-A92770040CFB}.Release|Any CPU.ActiveCfg = Release|Any CPU
		{CC401EEF-354A-445B-8884-A92770040CFB}.Release|Any CPU.Build.0 = Release|Any CPU
		{C0FABACE-C8FF-4454-91F0-F3BBE7804A2D}.Debug|Any CPU.ActiveCfg = Debug|Any CPU
		{C0FABACE-C8FF-4454-91F0-F3BBE7804A2D}.Debug|Any CPU.Build.0 = Debug|Any CPU
		{C0FABACE-C8FF-4454-91F0-F3BBE7804A2D}.Release|Any CPU.ActiveCfg = Release|Any CPU
		{C0FABACE-C8FF-4454-91F0-F3BBE7804A2D}.Release|Any CPU.Build.0 = Release|Any CPU
		{23BBAF48-3957-4587-9453-B3C5D7464B48}.Debug|Any CPU.ActiveCfg = Debug|Any CPU
		{23BBAF48-3957-4587-9453-B3C5D7464B48}.Debug|Any CPU.Build.0 = Debug|Any CPU
		{23BBAF48-3957-4587-9453-B3C5D7464B48}.Release|Any CPU.ActiveCfg = Release|Any CPU
		{23BBAF48-3957-4587-9453-B3C5D7464B48}.Release|Any CPU.Build.0 = Release|Any CPU
	EndGlobalSection
	GlobalSection(SolutionProperties) = preSolution
		HideSolutionNode = FALSE
	EndGlobalSection
	GlobalSection(NestedProjects) = preSolution
		{8FB22F7C-8012-484F-AD91-1DA067DD09BC} = {85F09B00-BEB6-4AB7-8E0D-AEAB7EBDAF1E}
		{29460014-7C56-4DF6-BBF4-89F35B220C8B} = {85F09B00-BEB6-4AB7-8E0D-AEAB7EBDAF1E}
		{5A0B4B29-5F8F-4BAF-9942-3A7A73519369} = {85F09B00-BEB6-4AB7-8E0D-AEAB7EBDAF1E}
		{D214AFD7-00A3-46B0-9DC6-6851207DEA6B} = {83319B4E-8918-4B53-AEC1-6A0C4199619E}
		{8258036A-D52A-4FF1-BEE8-96F8BC8E09E3} = {83319B4E-8918-4B53-AEC1-6A0C4199619E}
		{85F09B00-BEB6-4AB7-8E0D-AEAB7EBDAF1E} = {CB74702E-F1A7-452D-A2BA-8E6DB7DAB0A5}
		{C00578FC-66F8-4B30-A170-13EAB33B2D53} = {83319B4E-8918-4B53-AEC1-6A0C4199619E}
		{CB74702E-F1A7-452D-A2BA-8E6DB7DAB0A5} = {827696FB-1BD7-46B0-88A8-53F9B812A8A6}
		{95069F46-8D00-420E-805A-409A2900FDFC} = {827696FB-1BD7-46B0-88A8-53F9B812A8A6}
		{D1916D53-38F9-49B9-93CA-5C921989C3DE} = {827696FB-1BD7-46B0-88A8-53F9B812A8A6}
		{DA618BEA-B00A-41F3-9F50-EB594783010F} = {827696FB-1BD7-46B0-88A8-53F9B812A8A6}
		{1EB7980E-A998-4E2C-8D21-1877024FAB4C} = {D1916D53-38F9-49B9-93CA-5C921989C3DE}
		{D7887C96-B1E5-45A0-AC7D-4335F3A320F6} = {D1916D53-38F9-49B9-93CA-5C921989C3DE}
		{4820FA0E-8519-4750-8AC9-27C93BA68025} = {95069F46-8D00-420E-805A-409A2900FDFC}
		{B2A3D470-1C7C-4752-81D6-B6DF417C2EF9} = {95069F46-8D00-420E-805A-409A2900FDFC}
		{044B24DE-186B-4D28-B83F-F63BEE4F5AFB} = {CB74702E-F1A7-452D-A2BA-8E6DB7DAB0A5}
		{24C0B14B-4995-4102-83A8-348A23B400B7} = {CB74702E-F1A7-452D-A2BA-8E6DB7DAB0A5}
		{DAA99F40-8E01-48DE-8FCA-AB7BE3BBA710} = {DA618BEA-B00A-41F3-9F50-EB594783010F}
		{17FA28A3-7576-4EB4-9E18-BEEAC1AAB637} = {DA618BEA-B00A-41F3-9F50-EB594783010F}
		{153E25EC-AD1D-42C9-8D69-7E2371C6B716} = {827696FB-1BD7-46B0-88A8-53F9B812A8A6}
		{17B027CE-51AB-4FB2-A45C-EB20B28F59A3} = {153E25EC-AD1D-42C9-8D69-7E2371C6B716}
		{A564D6F3-A5B3-41EF-B80E-D0FA292048E3} = {153E25EC-AD1D-42C9-8D69-7E2371C6B716}
		{69FF5307-1818-4438-8B29-9B4A86B620FA} = {827696FB-1BD7-46B0-88A8-53F9B812A8A6}
		{F830C883-8DD9-4E14-BED9-84C31309863E} = {69FF5307-1818-4438-8B29-9B4A86B620FA}
		{94B7F8E4-1D3D-4210-8C5A-53391508BA73} = {69FF5307-1818-4438-8B29-9B4A86B620FA}
		{9FB92FC2-B1E6-4DEF-84FF-0D01F42C876D} = {827696FB-1BD7-46B0-88A8-53F9B812A8A6}
		{B9050AFE-1472-4D94-9AF3-0700605C37DB} = {9FB92FC2-B1E6-4DEF-84FF-0D01F42C876D}
		{C4D401F6-0B3F-4B30-B0BA-3CBC04FA21D8} = {9FB92FC2-B1E6-4DEF-84FF-0D01F42C876D}
		{415CD2F3-2D64-49DC-B409-F07973CB5DD1} = {85F09B00-BEB6-4AB7-8E0D-AEAB7EBDAF1E}
		{FD29351D-5B51-4810-A272-A080B46CCD84} = {827696FB-1BD7-46B0-88A8-53F9B812A8A6}
		{E38094C3-06A1-4B51-9CD5-814F23DC1D53} = {FD29351D-5B51-4810-A272-A080B46CCD84}
		{CC401EEF-354A-445B-8884-A92770040CFB} = {FD29351D-5B51-4810-A272-A080B46CCD84}
		{18EC3D35-7C01-4C84-B2DE-C95A3CB9E481} = {827696FB-1BD7-46B0-88A8-53F9B812A8A6}
		{C0FABACE-C8FF-4454-91F0-F3BBE7804A2D} = {18EC3D35-7C01-4C84-B2DE-C95A3CB9E481}
		{23BBAF48-3957-4587-9453-B3C5D7464B48} = {18EC3D35-7C01-4C84-B2DE-C95A3CB9E481}
	EndGlobalSection
	GlobalSection(ExtensibilityGlobals) = postSolution
		SolutionGuid = {CC88E397-DD5F-448F-A9C9-D766B88E241E}
	EndGlobalSection
EndGlobal
