
Microsoft Visual Studio Solution File, Format Version 12.00
# Visual Studio Version 16
VisualStudioVersion = 16.0.29519.87
MinimumVisualStudioVersion = 10.0.40219.1
Project("{FAE04EC0-301F-11D3-BF4B-00C04F79EFBC}") = "PALMS.WPFClient", "PALMS.WPFClient\PALMS.WPFClient.csproj", "{D41A8E6F-5CE9-4BDA-85DF-4CF7CED9DCD3}"
EndProject
Project("{FAE04EC0-301F-11D3-BF4B-00C04F79EFBC}") = "PALMS.ViewModels", "PALMS.ViewModels\PALMS.ViewModels.csproj", "{FBC55DEE-4025-4D63-B885-6D32BA1A1087}"
EndProject
Project("{FAE04EC0-301F-11D3-BF4B-00C04F79EFBC}") = "PALMS.Data", "PALMS.Data\PALMS.Data.csproj", "{EECF015E-F60A-44E2-8608-57CA748CBCF1}"
EndProject
Project("{FAE04EC0-301F-11D3-BF4B-00C04F79EFBC}") = "PALMS.ViewModels.Common", "PALMS.ViewModels.Common\PALMS.ViewModels.Common.csproj", "{D214AFD7-00A3-46B0-9DC6-6851207DEA6B}"
EndProject
Project("{FAE04EC0-301F-11D3-BF4B-00C04F79EFBC}") = "PALMS.View.Common", "PALMS.View.Common\PALMS.View.Common.csproj", "{8258036A-D52A-4FF1-BEE8-96F8BC8E09E3}"
EndProject
Project("{2150E333-8FDC-42A3-9474-1A3956D46DE8}") = "Common", "Common", "{83319B4E-8918-4B53-AEC1-6A0C4199619E}"
EndProject
Project("{2150E333-8FDC-42A3-9474-1A3956D46DE8}") = "Modules", "Modules", "{827696FB-1BD7-46B0-88A8-53F9B812A8A6}"
EndProject
Project("{FAE04EC0-301F-11D3-BF4B-00C04F79EFBC}") = "PALMS.View.Resources", "PALMS.View.Resources\PALMS.View.Resources.csproj", "{C00578FC-66F8-4B30-A170-13EAB33B2D53}"
EndProject
Project("{2150E333-8FDC-42A3-9474-1A3956D46DE8}") = "Settings", "Settings", "{CB74702E-F1A7-452D-A2BA-8E6DB7DAB0A5}"
EndProject
Project("{FAE04EC0-301F-11D3-BF4B-00C04F79EFBC}") = "PALMS.Settings.View", "Modules\Settings\PALMS.Settings.View\PALMS.Settings.View.csproj", "{044B24DE-186B-4D28-B83F-F63BEE4F5AFB}"
EndProject
Project("{FAE04EC0-301F-11D3-BF4B-00C04F79EFBC}") = "PALMS.Settings.ViewModel", "Modules\Settings\PALMS.Settings.ViewModel\PALMS.Settings.ViewModel.csproj", "{24C0B14B-4995-4102-83A8-348A23B400B7}"
EndProject
Project("{2150E333-8FDC-42A3-9474-1A3956D46DE8}") = "Laundry", "Laundry", "{DFB5F73E-354A-44F8-A71B-012F9374E80D}"
EndProject
Project("{FAE04EC0-301F-11D3-BF4B-00C04F79EFBC}") = "Laundristic.ViewModel", "Modules\Laundristic\Laundristic.ViewModel\Laundristic.ViewModel.csproj", "{723C9130-21CC-4797-8154-D789730C5870}"
EndProject
Project("{FAE04EC0-301F-11D3-BF4B-00C04F79EFBC}") = "Laundristic.View", "Modules\Laundristic\Laundristic.View\Laundristic.View.csproj", "{9BF3D35C-5268-4B0A-9C97-6E0863FB8808}"
EndProject
Global
	GlobalSection(SolutionConfigurationPlatforms) = preSolution
		Debug|Any CPU = Debug|Any CPU
		Release|Any CPU = Release|Any CPU
	EndGlobalSection
	GlobalSection(ProjectConfigurationPlatforms) = postSolution
		{D41A8E6F-5CE9-4BDA-85DF-4CF7CED9DCD3}.Debug|Any CPU.ActiveCfg = Debug|Any CPU
		{D41A8E6F-5CE9-4BDA-85DF-4CF7CED9DCD3}.Debug|Any CPU.Build.0 = Debug|Any CPU
		{D41A8E6F-5CE9-4BDA-85DF-4CF7CED9DCD3}.Release|Any CPU.ActiveCfg = Release|Any CPU
		{D41A8E6F-5CE9-4BDA-85DF-4CF7CED9DCD3}.Release|Any CPU.Build.0 = Release|Any CPU
		{FBC55DEE-4025-4D63-B885-6D32BA1A1087}.Debug|Any CPU.ActiveCfg = Debug|Any CPU
		{FBC55DEE-4025-4D63-B885-6D32BA1A1087}.Debug|Any CPU.Build.0 = Debug|Any CPU
		{FBC55DEE-4025-4D63-B885-6D32BA1A1087}.Release|Any CPU.ActiveCfg = Release|Any CPU
		{FBC55DEE-4025-4D63-B885-6D32BA1A1087}.Release|Any CPU.Build.0 = Release|Any CPU
		{EECF015E-F60A-44E2-8608-57CA748CBCF1}.Debug|Any CPU.ActiveCfg = Debug|Any CPU
		{EECF015E-F60A-44E2-8608-57CA748CBCF1}.Debug|Any CPU.Build.0 = Debug|Any CPU
		{EECF015E-F60A-44E2-8608-57CA748CBCF1}.Release|Any CPU.ActiveCfg = Release|Any CPU
		{EECF015E-F60A-44E2-8608-57CA748CBCF1}.Release|Any CPU.Build.0 = Release|Any CPU
		{D214AFD7-00A3-46B0-9DC6-6851207DEA6B}.Debug|Any CPU.ActiveCfg = Debug|Any CPU
		{D214AFD7-00A3-46B0-9DC6-6851207DEA6B}.Debug|Any CPU.Build.0 = Debug|Any CPU
		{D214AFD7-00A3-46B0-9DC6-6851207DEA6B}.Release|Any CPU.ActiveCfg = Release|Any CPU
		{D214AFD7-00A3-46B0-9DC6-6851207DEA6B}.Release|Any CPU.Build.0 = Release|Any CPU
		{8258036A-D52A-4FF1-BEE8-96F8BC8E09E3}.Debug|Any CPU.ActiveCfg = Debug|Any CPU
		{8258036A-D52A-4FF1-BEE8-96F8BC8E09E3}.Debug|Any CPU.Build.0 = Debug|Any CPU
		{8258036A-D52A-4FF1-BEE8-96F8BC8E09E3}.Release|Any CPU.ActiveCfg = Release|Any CPU
		{8258036A-D52A-4FF1-BEE8-96F8BC8E09E3}.Release|Any CPU.Build.0 = Release|Any CPU
		{C00578FC-66F8-4B30-A170-13EAB33B2D53}.Debug|Any CPU.ActiveCfg = Debug|Any CPU
		{C00578FC-66F8-4B30-A170-13EAB33B2D53}.Debug|Any CPU.Build.0 = Debug|Any CPU
		{C00578FC-66F8-4B30-A170-13EAB33B2D53}.Release|Any CPU.ActiveCfg = Release|Any CPU
		{C00578FC-66F8-4B30-A170-13EAB33B2D53}.Release|Any CPU.Build.0 = Release|Any CPU
		{044B24DE-186B-4D28-B83F-F63BEE4F5AFB}.Debug|Any CPU.ActiveCfg = Debug|Any CPU
		{044B24DE-186B-4D28-B83F-F63BEE4F5AFB}.Debug|Any CPU.Build.0 = Debug|Any CPU
		{044B24DE-186B-4D28-B83F-F63BEE4F5AFB}.Release|Any CPU.ActiveCfg = Release|Any CPU
		{044B24DE-186B-4D28-B83F-F63BEE4F5AFB}.Release|Any CPU.Build.0 = Release|Any CPU
		{24C0B14B-4995-4102-83A8-348A23B400B7}.Debug|Any CPU.ActiveCfg = Debug|Any CPU
		{24C0B14B-4995-4102-83A8-348A23B400B7}.Debug|Any CPU.Build.0 = Debug|Any CPU
		{24C0B14B-4995-4102-83A8-348A23B400B7}.Release|Any CPU.ActiveCfg = Release|Any CPU
		{24C0B14B-4995-4102-83A8-348A23B400B7}.Release|Any CPU.Build.0 = Release|Any CPU
		{723C9130-21CC-4797-8154-D789730C5870}.Debug|Any CPU.ActiveCfg = Debug|Any CPU
		{723C9130-21CC-4797-8154-D789730C5870}.Debug|Any CPU.Build.0 = Debug|Any CPU
		{723C9130-21CC-4797-8154-D789730C5870}.Release|Any CPU.ActiveCfg = Release|Any CPU
		{723C9130-21CC-4797-8154-D789730C5870}.Release|Any CPU.Build.0 = Release|Any CPU
		{9BF3D35C-5268-4B0A-9C97-6E0863FB8808}.Debug|Any CPU.ActiveCfg = Debug|Any CPU
		{9BF3D35C-5268-4B0A-9C97-6E0863FB8808}.Debug|Any CPU.Build.0 = Debug|Any CPU
		{9BF3D35C-5268-4B0A-9C97-6E0863FB8808}.Release|Any CPU.ActiveCfg = Release|Any CPU
		{9BF3D35C-5268-4B0A-9C97-6E0863FB8808}.Release|Any CPU.Build.0 = Release|Any CPU
	EndGlobalSection
	GlobalSection(SolutionProperties) = preSolution
		HideSolutionNode = FALSE
	EndGlobalSection
	GlobalSection(NestedProjects) = preSolution
		{D214AFD7-00A3-46B0-9DC6-6851207DEA6B} = {83319B4E-8918-4B53-AEC1-6A0C4199619E}
		{8258036A-D52A-4FF1-BEE8-96F8BC8E09E3} = {83319B4E-8918-4B53-AEC1-6A0C4199619E}
		{C00578FC-66F8-4B30-A170-13EAB33B2D53} = {83319B4E-8918-4B53-AEC1-6A0C4199619E}
		{CB74702E-F1A7-452D-A2BA-8E6DB7DAB0A5} = {827696FB-1BD7-46B0-88A8-53F9B812A8A6}
		{044B24DE-186B-4D28-B83F-F63BEE4F5AFB} = {CB74702E-F1A7-452D-A2BA-8E6DB7DAB0A5}
		{24C0B14B-4995-4102-83A8-348A23B400B7} = {CB74702E-F1A7-452D-A2BA-8E6DB7DAB0A5}
		{DFB5F73E-354A-44F8-A71B-012F9374E80D} = {827696FB-1BD7-46B0-88A8-53F9B812A8A6}
		{723C9130-21CC-4797-8154-D789730C5870} = {DFB5F73E-354A-44F8-A71B-012F9374E80D}
		{9BF3D35C-5268-4B0A-9C97-6E0863FB8808} = {DFB5F73E-354A-44F8-A71B-012F9374E80D}
	EndGlobalSection
	GlobalSection(ExtensibilityGlobals) = postSolution
		SolutionGuid = {CC88E397-DD5F-448F-A9C9-D766B88E241E}
	EndGlobalSection
EndGlobal
